
Microsoft Visual Studio Solution File, Format Version 12.00
# Visual Studio 2013
VisualStudioVersion = 12.0.21005.1
MinimumVisualStudioVersion = 10.0.40219.1
Project("{FAE04EC0-301F-11D3-BF4B-00C04F79EFBC}") = "SYSCHOOL", "SYSCHOOL\SYSCHOOL.csproj", "{35381B5B-AA9C-4B7C-B058-8641C50230FD}"
EndProject
Project("{FAE04EC0-301F-11D3-BF4B-00C04F79EFBC}") = "CapaDatos", "CapaDatos\CapaDatos.csproj", "{B667C83A-809B-49EF-B5F4-A3A5FD52ABE5}"
EndProject
Project("{FAE04EC0-301F-11D3-BF4B-00C04F79EFBC}") = "CapaNegocio", "CapaNegocio\CapaNegocio.csproj", "{98B6F2C5-B3A7-4C55-A192-68CF7B052E9E}"
EndProject
Project("{FAE04EC0-301F-11D3-BF4B-00C04F79EFBC}") = "CapaPresentacion", "CapaPresentacion\CapaPresentacion.csproj", "{73710D44-AAF8-4DD1-852B-7B086B3899BE}"
EndProject
Global
	GlobalSection(SolutionConfigurationPlatforms) = preSolution
		Debug|Any CPU = Debug|Any CPU
		Release|Any CPU = Release|Any CPU
	EndGlobalSection
	GlobalSection(ProjectConfigurationPlatforms) = postSolution
		{35381B5B-AA9C-4B7C-B058-8641C50230FD}.Debug|Any CPU.ActiveCfg = Debug|Any CPU
		{35381B5B-AA9C-4B7C-B058-8641C50230FD}.Debug|Any CPU.Build.0 = Debug|Any CPU
		{35381B5B-AA9C-4B7C-B058-8641C50230FD}.Release|Any CPU.ActiveCfg = Release|Any CPU
		{35381B5B-AA9C-4B7C-B058-8641C50230FD}.Release|Any CPU.Build.0 = Release|Any CPU
		{B667C83A-809B-49EF-B5F4-A3A5FD52ABE5}.Debug|Any CPU.ActiveCfg = Debug|Any CPU
		{B667C83A-809B-49EF-B5F4-A3A5FD52ABE5}.Debug|Any CPU.Build.0 = Debug|Any CPU
		{B667C83A-809B-49EF-B5F4-A3A5FD52ABE5}.Release|Any CPU.ActiveCfg = Release|Any CPU
		{B667C83A-809B-49EF-B5F4-A3A5FD52ABE5}.Release|Any CPU.Build.0 = Release|Any CPU
		{98B6F2C5-B3A7-4C55-A192-68CF7B052E9E}.Debug|Any CPU.ActiveCfg = Debug|Any CPU
		{98B6F2C5-B3A7-4C55-A192-68CF7B052E9E}.Debug|Any CPU.Build.0 = Debug|Any CPU
		{98B6F2C5-B3A7-4C55-A192-68CF7B052E9E}.Release|Any CPU.ActiveCfg = Release|Any CPU
		{98B6F2C5-B3A7-4C55-A192-68CF7B052E9E}.Release|Any CPU.Build.0 = Release|Any CPU
		{73710D44-AAF8-4DD1-852B-7B086B3899BE}.Debug|Any CPU.ActiveCfg = Debug|Any CPU
		{73710D44-AAF8-4DD1-852B-7B086B3899BE}.Debug|Any CPU.Build.0 = Debug|Any CPU
		{73710D44-AAF8-4DD1-852B-7B086B3899BE}.Release|Any CPU.ActiveCfg = Release|Any CPU
		{73710D44-AAF8-4DD1-852B-7B086B3899BE}.Release|Any CPU.Build.0 = Release|Any CPU
	EndGlobalSection
	GlobalSection(SolutionProperties) = preSolution
		HideSolutionNode = FALSE
	EndGlobalSection
EndGlobal
